
Microsoft Visual Studio Solution File, Format Version 12.00
# Visual Studio Version 16
VisualStudioVersion = 16.0.32002.261
MinimumVisualStudioVersion = 10.0.40219.1
Project("{FAE04EC0-301F-11D3-BF4B-00C04F79EFBC}") = "UserInterface", "UserInterface\UserInterface.csproj", "{5C7FD719-F9C1-45D0-9789-320A181152F9}"
EndProject
Project("{FAE04EC0-301F-11D3-BF4B-00C04F79EFBC}") = "DataBaseTXT", "DataBase\DataBaseTXT.csproj", "{77DE5E57-85B0-489B-9155-03E08BDF3093}"
EndProject
Project("{FAE04EC0-301F-11D3-BF4B-00C04F79EFBC}") = "Business", "Business\Business.csproj", "{C79E20A8-57B4-4B04-A3A4-A3500BCF6618}"
EndProject
Project("{FAE04EC0-301F-11D3-BF4B-00C04F79EFBC}") = "DataBaseSQL", "DataBaseSQL\DataBaseSQL.csproj", "{A3324C76-3F2F-454A-931A-8C64BF885012}"
EndProject
Global
	GlobalSection(SolutionConfigurationPlatforms) = preSolution
		Debug|Any CPU = Debug|Any CPU
		Release|Any CPU = Release|Any CPU
	EndGlobalSection
	GlobalSection(ProjectConfigurationPlatforms) = postSolution
		{5C7FD719-F9C1-45D0-9789-320A181152F9}.Debug|Any CPU.ActiveCfg = Debug|Any CPU
		{5C7FD719-F9C1-45D0-9789-320A181152F9}.Debug|Any CPU.Build.0 = Debug|Any CPU
		{5C7FD719-F9C1-45D0-9789-320A181152F9}.Release|Any CPU.ActiveCfg = Release|Any CPU
		{5C7FD719-F9C1-45D0-9789-320A181152F9}.Release|Any CPU.Build.0 = Release|Any CPU
		{77DE5E57-85B0-489B-9155-03E08BDF3093}.Debug|Any CPU.ActiveCfg = Debug|Any CPU
		{77DE5E57-85B0-489B-9155-03E08BDF3093}.Debug|Any CPU.Build.0 = Debug|Any CPU
		{77DE5E57-85B0-489B-9155-03E08BDF3093}.Release|Any CPU.ActiveCfg = Release|Any CPU
		{77DE5E57-85B0-489B-9155-03E08BDF3093}.Release|Any CPU.Build.0 = Release|Any CPU
		{C79E20A8-57B4-4B04-A3A4-A3500BCF6618}.Debug|Any CPU.ActiveCfg = Debug|Any CPU
		{C79E20A8-57B4-4B04-A3A4-A3500BCF6618}.Debug|Any CPU.Build.0 = Debug|Any CPU
		{C79E20A8-57B4-4B04-A3A4-A3500BCF6618}.Release|Any CPU.ActiveCfg = Release|Any CPU
		{C79E20A8-57B4-4B04-A3A4-A3500BCF6618}.Release|Any CPU.Build.0 = Release|Any CPU
		{A3324C76-3F2F-454A-931A-8C64BF885012}.Debug|Any CPU.ActiveCfg = Debug|Any CPU
		{A3324C76-3F2F-454A-931A-8C64BF885012}.Debug|Any CPU.Build.0 = Debug|Any CPU
		{A3324C76-3F2F-454A-931A-8C64BF885012}.Release|Any CPU.ActiveCfg = Release|Any CPU
		{A3324C76-3F2F-454A-931A-8C64BF885012}.Release|Any CPU.Build.0 = Release|Any CPU
	EndGlobalSection
	GlobalSection(SolutionProperties) = preSolution
		HideSolutionNode = FALSE
	EndGlobalSection
	GlobalSection(ExtensibilityGlobals) = postSolution
		SolutionGuid = {00CD27B4-BFA3-41BE-8223-40DC0FFC09BA}
	EndGlobalSection
EndGlobal
